
Microsoft Visual Studio Solution File, Format Version 12.00
# Visual Studio 15
VisualStudioVersion = 15.0.28307.271
MinimumVisualStudioVersion = 10.0.40219.1
Project("{888888A0-9F3D-457C-B088-3A5042F75D52}") = "DjangoWebProject2", "DjangoWebProject2\DjangoWebProject2.pyproj", "{408C1EF5-01F7-45AC-893E-B71530C45F9B}"
EndProject
Global
	GlobalSection(SolutionConfigurationPlatforms) = preSolution
		Debug|Any CPU = Debug|Any CPU
		Release|Any CPU = Release|Any CPU
	EndGlobalSection
	GlobalSection(ProjectConfigurationPlatforms) = postSolution
		{408C1EF5-01F7-45AC-893E-B71530C45F9B}.Debug|Any CPU.ActiveCfg = Debug|Any CPU
		{408C1EF5-01F7-45AC-893E-B71530C45F9B}.Debug|Any CPU.Build.0 = Debug|Any CPU
		{408C1EF5-01F7-45AC-893E-B71530C45F9B}.Release|Any CPU.ActiveCfg = Release|Any CPU
		{408C1EF5-01F7-45AC-893E-B71530C45F9B}.Release|Any CPU.Build.0 = Release|Any CPU
	EndGlobalSection
	GlobalSection(SolutionProperties) = preSolution
		HideSolutionNode = FALSE
	EndGlobalSection
	GlobalSection(ExtensibilityGlobals) = postSolution
		SolutionGuid = {17214613-03E0-403E-B082-1B682D90FC3F}
	EndGlobalSection
EndGlobal
